// !$*UTF8*$!
{
	archiveVersion = 1;
	classes = {
	};
	objectVersion = 50;
	objects = {

/* Begin PBXBuildFile section */
		FA26E69D25FF0C4B00D781EF /* AppDelegate.swift in Sources */ = {isa = PBXBuildFile; fileRef = FA26E69C25FF0C4B00D781EF /* AppDelegate.swift */; };
		FA26E69F25FF0C4B00D781EF /* SceneDelegate.swift in Sources */ = {isa = PBXBuildFile; fileRef = FA26E69E25FF0C4B00D781EF /* SceneDelegate.swift */; };
		FA26E6A125FF0C4B00D781EF /* ViewController.swift in Sources */ = {isa = PBXBuildFile; fileRef = FA26E6A025FF0C4B00D781EF /* ViewController.swift */; };
		FA26E6A425FF0C4B00D781EF /* Main.storyboard in Resources */ = {isa = PBXBuildFile; fileRef = FA26E6A225FF0C4B00D781EF /* Main.storyboard */; };
		FA26E6A625FF0C4E00D781EF /* Assets.xcassets in Resources */ = {isa = PBXBuildFile; fileRef = FA26E6A525FF0C4E00D781EF /* Assets.xcassets */; };
		FA26E6A925FF0C4E00D781EF /* LaunchScreen.storyboard in Resources */ = {isa = PBXBuildFile; fileRef = FA26E6A725FF0C4E00D781EF /* LaunchScreen.storyboard */; };
		FA26E6B225FF0D6100D781EF /* Constants.swift in Sources */ = {isa = PBXBuildFile; fileRef = FA26E6B125FF0D6100D781EF /* Constants.swift */; };
		FA26E6B525FF11C500D781EF /* Video.swift in Sources */ = {isa = PBXBuildFile; fileRef = FA26E6B425FF11C500D781EF /* Video.swift */; };
		FA26E6B825FF12D900D781EF /* Model.swift in Sources */ = {isa = PBXBuildFile; fileRef = FA26E6B725FF12D900D781EF /* Model.swift */; };
		FA4DD76726006CDB0032F877 /* Response.swift in Sources */ = {isa = PBXBuildFile; fileRef = FA4DD76626006CDB0032F877 /* Response.swift */; };
/* End PBXBuildFile section */

/* Begin PBXFileReference section */
		FA26E69925FF0C4B00D781EF /* Youtube Clone.app */ = {isa = PBXFileReference; explicitFileType = wrapper.application; includeInIndex = 0; path = "Youtube Clone.app"; sourceTree = BUILT_PRODUCTS_DIR; };
		FA26E69C25FF0C4B00D781EF /* AppDelegate.swift */ = {isa = PBXFileReference; lastKnownFileType = sourcecode.swift; path = AppDelegate.swift; sourceTree = "<group>"; };
		FA26E69E25FF0C4B00D781EF /* SceneDelegate.swift */ = {isa = PBXFileReference; lastKnownFileType = sourcecode.swift; path = SceneDelegate.swift; sourceTree = "<group>"; };
		FA26E6A025FF0C4B00D781EF /* ViewController.swift */ = {isa = PBXFileReference; lastKnownFileType = sourcecode.swift; path = ViewController.swift; sourceTree = "<group>"; };
		FA26E6A325FF0C4B00D781EF /* Base */ = {isa = PBXFileReference; lastKnownFileType = file.storyboard; name = Base; path = Base.lproj/Main.storyboard; sourceTree = "<group>"; };
		FA26E6A525FF0C4E00D781EF /* Assets.xcassets */ = {isa = PBXFileReference; lastKnownFileType = folder.assetcatalog; path = Assets.xcassets; sourceTree = "<group>"; };
		FA26E6A825FF0C4E00D781EF /* Base */ = {isa = PBXFileReference; lastKnownFileType = file.storyboard; name = Base; path = Base.lproj/LaunchScreen.storyboard; sourceTree = "<group>"; };
		FA26E6AA25FF0C4E00D781EF /* Info.plist */ = {isa = PBXFileReference; lastKnownFileType = text.plist.xml; path = Info.plist; sourceTree = "<group>"; };
		FA26E6B125FF0D6100D781EF /* Constants.swift */ = {isa = PBXFileReference; lastKnownFileType = sourcecode.swift; path = Constants.swift; sourceTree = "<group>"; };
		FA26E6B425FF11C500D781EF /* Video.swift */ = {isa = PBXFileReference; lastKnownFileType = sourcecode.swift; path = Video.swift; sourceTree = "<group>"; };
		FA26E6B725FF12D900D781EF /* Model.swift */ = {isa = PBXFileReference; lastKnownFileType = sourcecode.swift; path = Model.swift; sourceTree = "<group>"; };
		FA4DD76626006CDB0032F877 /* Response.swift */ = {isa = PBXFileReference; lastKnownFileType = sourcecode.swift; path = Response.swift; sourceTree = "<group>"; };
/* End PBXFileReference section */

/* Begin PBXFrameworksBuildPhase section */
		FA26E69625FF0C4B00D781EF /* Frameworks */ = {
			isa = PBXFrameworksBuildPhase;
			buildActionMask = 2147483647;
			files = (
			);
			runOnlyForDeploymentPostprocessing = 0;
		};
/* End PBXFrameworksBuildPhase section */

/* Begin PBXGroup section */
		FA26E69025FF0C4B00D781EF = {
			isa = PBXGroup;
			children = (
				FA26E69B25FF0C4B00D781EF /* Youtube Clone */,
				FA26E69A25FF0C4B00D781EF /* Products */,
			);
			sourceTree = "<group>";
		};
		FA26E69A25FF0C4B00D781EF /* Products */ = {
			isa = PBXGroup;
			children = (
				FA26E69925FF0C4B00D781EF /* Youtube Clone.app */,
			);
			name = Products;
			sourceTree = "<group>";
		};
		FA26E69B25FF0C4B00D781EF /* Youtube Clone */ = {
			isa = PBXGroup;
			children = (
				FA26E69C25FF0C4B00D781EF /* AppDelegate.swift */,
				FA26E69E25FF0C4B00D781EF /* SceneDelegate.swift */,
				FA26E6A025FF0C4B00D781EF /* ViewController.swift */,
				FA26E6A225FF0C4B00D781EF /* Main.storyboard */,
				FA26E6A525FF0C4E00D781EF /* Assets.xcassets */,
				FA26E6A725FF0C4E00D781EF /* LaunchScreen.storyboard */,
				FA26E6AA25FF0C4E00D781EF /* Info.plist */,
				FA26E6B125FF0D6100D781EF /* Constants.swift */,
				FA26E6B425FF11C500D781EF /* Video.swift */,
				FA26E6B725FF12D900D781EF /* Model.swift */,
				FA4DD76626006CDB0032F877 /* Response.swift */,
			);
			path = "Youtube Clone";
			sourceTree = "<group>";
		};
/* End PBXGroup section */

/* Begin PBXNativeTarget section */
		FA26E69825FF0C4B00D781EF /* Youtube Clone */ = {
			isa = PBXNativeTarget;
			buildConfigurationList = FA26E6AD25FF0C4E00D781EF /* Build configuration list for PBXNativeTarget "Youtube Clone" */;
			buildPhases = (
				FA26E69525FF0C4B00D781EF /* Sources */,
				FA26E69625FF0C4B00D781EF /* Frameworks */,
				FA26E69725FF0C4B00D781EF /* Resources */,
			);
			buildRules = (
			);
			dependencies = (
			);
			name = "Youtube Clone";
			productName = "Youtube Clone";
			productReference = FA26E69925FF0C4B00D781EF /* Youtube Clone.app */;
			productType = "com.apple.product-type.application";
		};
/* End PBXNativeTarget section */

/* Begin PBXProject section */
		FA26E69125FF0C4B00D781EF /* Project object */ = {
			isa = PBXProject;
			attributes = {
				LastSwiftUpdateCheck = 1210;
				LastUpgradeCheck = 1210;
				TargetAttributes = {
					FA26E69825FF0C4B00D781EF = {
						CreatedOnToolsVersion = 12.1;
					};
				};
			};
			buildConfigurationList = FA26E69425FF0C4B00D781EF /* Build configuration list for PBXProject "Youtube Clone" */;
			compatibilityVersion = "Xcode 9.3";
			developmentRegion = en;
			hasScannedForEncodings = 0;
			knownRegions = (
				en,
				Base,
			);
			mainGroup = FA26E69025FF0C4B00D781EF;
			productRefGroup = FA26E69A25FF0C4B00D781EF /* Products */;
			projectDirPath = "";
			projectRoot = "";
			targets = (
				FA26E69825FF0C4B00D781EF /* Youtube Clone */,
			);
		};
/* End PBXProject section */

/* Begin PBXResourcesBuildPhase section */
		FA26E69725FF0C4B00D781EF /* Resources */ = {
			isa = PBXResourcesBuildPhase;
			buildActionMask = 2147483647;
			files = (
				FA26E6A925FF0C4E00D781EF /* LaunchScreen.storyboard in Resources */,
				FA26E6A625FF0C4E00D781EF /* Assets.xcassets in Resources */,
				FA26E6A425FF0C4B00D781EF /* Main.storyboard in Resources */,
			);
			runOnlyForDeploymentPostprocessing = 0;
		};
/* End PBXResourcesBuildPhase section */

/* Begin PBXSourcesBuildPhase section */
		FA26E69525FF0C4B00D781EF /* Sources */ = {
			isa = PBXSourcesBuildPhase;
			buildActionMask = 2147483647;
			files = (
				FA26E6A125FF0C4B00D781EF /* ViewController.swift in Sources */,
				FA26E69D25FF0C4B00D781EF /* AppDelegate.swift in Sources */,
				FA26E69F25FF0C4B00D781EF /* SceneDelegate.swift in Sources */,
				FA26E6B825FF12D900D781EF /* Model.swift in Sources */,
				FA26E6B225FF0D6100D781EF /* Constants.swift in Sources */,
				FA26E6B525FF11C500D781EF /* Video.swift in Sources */,
				FA4DD76726006CDB0032F877 /* Response.swift in Sources */,
			);
			runOnlyForDeploymentPostprocessing = 0;
		};
/* End PBXSourcesBuildPhase section */

/* Begin PBXVariantGroup section */
		FA26E6A225FF0C4B00D781EF /* Main.storyboard */ = {
			isa = PBXVariantGroup;
			children = (
				FA26E6A325FF0C4B00D781EF /* Base */,
			);
			name = Main.storyboard;
			sourceTree = "<group>";
		};
		FA26E6A725FF0C4E00D781EF /* LaunchScreen.storyboard */ = {
			isa = PBXVariantGroup;
			children = (
				FA26E6A825FF0C4E00D781EF /* Base */,
			);
			name = LaunchScreen.storyboard;
			sourceTree = "<group>";
		};
/* End PBXVariantGroup section */

/* Begin XCBuildConfiguration section */
		FA26E6AB25FF0C4E00D781EF /* Debug */ = {
			isa = XCBuildConfiguration;
			buildSettings = {
				ALWAYS_SEARCH_USER_PATHS = NO;
				CLANG_ANALYZER_NONNULL = YES;
				CLANG_ANALYZER_NUMBER_OBJECT_CONVERSION = YES_AGGRESSIVE;
				CLANG_CXX_LANGUAGE_STANDARD = "gnu++14";
				CLANG_CXX_LIBRARY = "libc++";
				CLANG_ENABLE_MODULES = YES;
				CLANG_ENABLE_OBJC_ARC = YES;
				CLANG_ENABLE_OBJC_WEAK = YES;
				CLANG_WARN_BLOCK_CAPTURE_AUTORELEASING = YES;
				CLANG_WARN_BOOL_CONVERSION = YES;
				CLANG_WARN_COMMA = YES;
				CLANG_WARN_CONSTANT_CONVERSION = YES;
				CLANG_WARN_DEPRECATED_OBJC_IMPLEMENTATIONS = YES;
				CLANG_WARN_DIRECT_OBJC_ISA_USAGE = YES_ERROR;
				CLANG_WARN_DOCUMENTATION_COMMENTS = YES;
				CLANG_WARN_EMPTY_BODY = YES;
				CLANG_WARN_ENUM_CONVERSION = YES;
				CLANG_WARN_INFINITE_RECURSION = YES;
				CLANG_WARN_INT_CONVERSION = YES;
				CLANG_WARN_NON_LITERAL_NULL_CONVERSION = YES;
				CLANG_WARN_OBJC_IMPLICIT_RETAIN_SELF = YES;
				CLANG_WARN_OBJC_LITERAL_CONVERSION = YES;
				CLANG_WARN_OBJC_ROOT_CLASS = YES_ERROR;
				CLANG_WARN_QUOTED_INCLUDE_IN_FRAMEWORK_HEADER = YES;
				CLANG_WARN_RANGE_LOOP_ANALYSIS = YES;
				CLANG_WARN_STRICT_PROTOTYPES = YES;
				CLANG_WARN_SUSPICIOUS_MOVE = YES;
				CLANG_WARN_UNGUARDED_AVAILABILITY = YES_AGGRESSIVE;
				CLANG_WARN_UNREACHABLE_CODE = YES;
				CLANG_WARN__DUPLICATE_METHOD_MATCH = YES;
				COPY_PHASE_STRIP = NO;
				DEBUG_INFORMATION_FORMAT = dwarf;
				ENABLE_STRICT_OBJC_MSGSEND = YES;
				ENABLE_TESTABILITY = YES;
				GCC_C_LANGUAGE_STANDARD = gnu11;
				GCC_DYNAMIC_NO_PIC = NO;
				GCC_NO_COMMON_BLOCKS = YES;
				GCC_OPTIMIZATION_LEVEL = 0;
				GCC_PREPROCESSOR_DEFINITIONS = (
					"DEBUG=1",
					"$(inherited)",
				);
				GCC_WARN_64_TO_32_BIT_CONVERSION = YES;
				GCC_WARN_ABOUT_RETURN_TYPE = YES_ERROR;
				GCC_WARN_UNDECLARED_SELECTOR = YES;
				GCC_WARN_UNINITIALIZED_AUTOS = YES_AGGRESSIVE;
				GCC_WARN_UNUSED_FUNCTION = YES;
				GCC_WARN_UNUSED_VARIABLE = YES;
				IPHONEOS_DEPLOYMENT_TARGET = 14.1;
				MTL_ENABLE_DEBUG_INFO = INCLUDE_SOURCE;
				MTL_FAST_MATH = YES;
				ONLY_ACTIVE_ARCH = YES;
				SDKROOT = iphoneos;
				SWIFT_ACTIVE_COMPILATION_CONDITIONS = DEBUG;
				SWIFT_OPTIMIZATION_LEVEL = "-Onone";
			};
			name = Debug;
		};
		FA26E6AC25FF0C4E00D781EF /* Release */ = {
			isa = XCBuildConfiguration;
			buildSettings = {
				ALWAYS_SEARCH_USER_PATHS = NO;
				CLANG_ANALYZER_NONNULL = YES;
				CLANG_ANALYZER_NUMBER_OBJECT_CONVERSION = YES_AGGRESSIVE;
				CLANG_CXX_LANGUAGE_STANDARD = "gnu++14";
				CLANG_CXX_LIBRARY = "libc++";
				CLANG_ENABLE_MODULES = YES;
				CLANG_ENABLE_OBJC_ARC = YES;
				CLANG_ENABLE_OBJC_WEAK = YES;
				CLANG_WARN_BLOCK_CAPTURE_AUTORELEASING = YES;
				CLANG_WARN_BOOL_CONVERSION = YES;
				CLANG_WARN_COMMA = YES;
				CLANG_WARN_CONSTANT_CONVERSION = YES;
				CLANG_WARN_DEPRECATED_OBJC_IMPLEMENTATIONS = YES;
				CLANG_WARN_DIRECT_OBJC_ISA_USAGE = YES_ERROR;
				CLANG_WARN_DOCUMENTATION_COMMENTS = YES;
				CLANG_WARN_EMPTY_BODY = YES;
				CLANG_WARN_ENUM_CONVERSION = YES;
				CLANG_WARN_INFINITE_RECURSION = YES;
				CLANG_WARN_INT_CONVERSION = YES;
				CLANG_WARN_NON_LITERAL_NULL_CONVERSION = YES;
				CLANG_WARN_OBJC_IMPLICIT_RETAIN_SELF = YES;
				CLANG_WARN_OBJC_LITERAL_CONVERSION = YES;
				CLANG_WARN_OBJC_ROOT_CLASS = YES_ERROR;
				CLANG_WARN_QUOTED_INCLUDE_IN_FRAMEWORK_HEADER = YES;
				CLANG_WARN_RANGE_LOOP_ANALYSIS = YES;
				CLANG_WARN_STRICT_PROTOTYPES = YES;
				CLANG_WARN_SUSPICIOUS_MOVE = YES;
				CLANG_WARN_UNGUARDED_AVAILABILITY = YES_AGGRESSIVE;
				CLANG_WARN_UNREACHABLE_CODE = YES;
				CLANG_WARN__DUPLICATE_METHOD_MATCH = YES;
				COPY_PHASE_STRIP = NO;
				DEBUG_INFORMATION_FORMAT = "dwarf-with-dsym";
				ENABLE_NS_ASSERTIONS = NO;
				ENABLE_STRICT_OBJC_MSGSEND = YES;
				GCC_C_LANGUAGE_STANDARD = gnu11;
				GCC_NO_COMMON_BLOCKS = YES;
				GCC_WARN_64_TO_32_BIT_CONVERSION = YES;
				GCC_WARN_ABOUT_RETURN_TYPE = YES_ERROR;
				GCC_WARN_UNDECLARED_SELECTOR = YES;
				GCC_WARN_UNINITIALIZED_AUTOS = YES_AGGRESSIVE;
				GCC_WARN_UNUSED_FUNCTION = YES;
				GCC_WARN_UNUSED_VARIABLE = YES;
				IPHONEOS_DEPLOYMENT_TARGET = 14.1;
				MTL_ENABLE_DEBUG_INFO = NO;
				MTL_FAST_MATH = YES;
				SDKROOT = iphoneos;
				SWIFT_COMPILATION_MODE = wholemodule;
				SWIFT_OPTIMIZATION_LEVEL = "-O";
				VALIDATE_PRODUCT = YES;
			};
			name = Release;
		};
		FA26E6AE25FF0C4E00D781EF /* Debug */ = {
			isa = XCBuildConfiguration;
			buildSettings = {
				ASSETCATALOG_COMPILER_APPICON_NAME = AppIcon;
				ASSETCATALOG_COMPILER_GLOBAL_ACCENT_COLOR_NAME = AccentColor;
				CODE_SIGN_STYLE = Automatic;
				DEVELOPMENT_TEAM = AN5W2J2N2K;
				INFOPLIST_FILE = "Youtube Clone/Info.plist";
				LD_RUNPATH_SEARCH_PATHS = (
					"$(inherited)",
					"@executable_path/Frameworks",
				);
				PRODUCT_BUNDLE_IDENTIFIER = "com.ahmadverel.Youtube-Clone";
				PRODUCT_NAME = "$(TARGET_NAME)";
				SWIFT_VERSION = 5.0;
				TARGETED_DEVICE_FAMILY = "1,2";
			};
			name = Debug;
		};
		FA26E6AF25FF0C4E00D781EF /* Release */ = {
			isa = XCBuildConfiguration;
			buildSettings = {
				ASSETCATALOG_COMPILER_APPICON_NAME = AppIcon;
				ASSETCATALOG_COMPILER_GLOBAL_ACCENT_COLOR_NAME = AccentColor;
				CODE_SIGN_STYLE = Automatic;
				DEVELOPMENT_TEAM = AN5W2J2N2K;
				INFOPLIST_FILE = "Youtube Clone/Info.plist";
				LD_RUNPATH_SEARCH_PATHS = (
					"$(inherited)",
					"@executable_path/Frameworks",
				);
				PRODUCT_BUNDLE_IDENTIFIER = "com.ahmadverel.Youtube-Clone";
				PRODUCT_NAME = "$(TARGET_NAME)";
				SWIFT_VERSION = 5.0;
				TARGETED_DEVICE_FAMILY = "1,2";
			};
			name = Release;
		};
/* End XCBuildConfiguration section */

/* Begin XCConfigurationList section */
		FA26E69425FF0C4B00D781EF /* Build configuration list for PBXProject "Youtube Clone" */ = {
			isa = XCConfigurationList;
			buildConfigurations = (
				FA26E6AB25FF0C4E00D781EF /* Debug */,
				FA26E6AC25FF0C4E00D781EF /* Release */,
			);
			defaultConfigurationIsVisible = 0;
			defaultConfigurationName = Release;
		};
		FA26E6AD25FF0C4E00D781EF /* Build configuration list for PBXNativeTarget "Youtube Clone" */ = {
			isa = XCConfigurationList;
			buildConfigurations = (
				FA26E6AE25FF0C4E00D781EF /* Debug */,
				FA26E6AF25FF0C4E00D781EF /* Release */,
			);
			defaultConfigurationIsVisible = 0;
			defaultConfigurationName = Release;
		};
/* End XCConfigurationList section */
	};
	rootObject = FA26E69125FF0C4B00D781EF /* Project object */;
}
